{
    "hash": "37ff7b14a1fa9b97d22757bc0711f7f8",
    "packages": [
        {
            "package": "symfony/yaml",
            "version": "dev-master",
            "alias-pretty-version": "2.1.x-dev",
            "alias-version": "2.1.9999999.9999999-dev"
        },
        {
            "package": "symfony/yaml",
            "version": "dev-master",
            "source-reference": "6b3eb66a7c4495dcaa35a64dd93c8ba8c29f35d8",
            "commit-date": "1344325256"
        }
    ],
    "packages-dev": null,
    "aliases": [

    ],
    "minimum-stability": "dev",
    "stability-flags": [

    ]
}
