{
    "hash": "ca0fc84118420d104b59d02c52bcb7ca",
    "packages": [
        {
            "package": "symfony/http-foundation",
            "version": "dev-master",
            "alias-pretty-version": "2.1.x-dev",
            "alias-version": "2.1.9999999.9999999-dev"
        },
        {
            "package": "symfony/http-foundation",
            "version": "dev-master",
            "source-reference": "8d5e7f909fa519853e71bcfc57a1da8c637ebcbb",
            "commit-date": "1345191498"
        },
        {
            "package": "symfony/routing",
            "version": "dev-master",
            "alias-pretty-version": "2.1.x-dev",
            "alias-version": "2.1.9999999.9999999-dev"
        },
        {
            "package": "symfony/routing",
            "version": "dev-master",
            "source-reference": "0bdaa1e6b2d814ec5946b355407c849ce5f0b64a",
            "commit-date": "1345710062"
        }
    ],
    "packages-dev": null,
    "aliases": [

    ],
    "minimum-stability": "dev",
    "stability-flags": [

    ]
}
