{
    "hash": "0c3b2b4ca05b012a1a94e2dd70ace2cc",
    "packages": [
        {
            "package": "symfony/finder",
            "version": "dev-master",
            "alias-pretty-version": "2.1.x-dev",
            "alias-version": "2.1.9999999.9999999-dev"
        },
        {
            "package": "symfony/finder",
            "version": "dev-master",
            "source-reference": "1af11ab3a686f9c45f2a8d9d721d5717cdd5f1d6",
            "commit-date": "1345026762"
        }
    ],
    "packages-dev": null,
    "aliases": [

    ],
    "minimum-stability": "dev",
    "stability-flags": [

    ]
}
