{
    "hash": "a16af0212b8952e3419a87d9364351f6",
    "packages": [
        {
            "package": "symfony/http-foundation",
            "version": "dev-master",
            "alias-pretty-version": "2.1.x-dev",
            "alias-version": "2.1.9999999.9999999-dev"
        },
        {
            "package": "symfony/http-foundation",
            "version": "dev-master",
            "source-reference": "8d5e7f909fa519853e71bcfc57a1da8c637ebcbb",
            "commit-date": "1345191498"
        }
    ],
    "packages-dev": null,
    "aliases": [

    ],
    "minimum-stability": "dev",
    "stability-flags": [

    ]
}
