{
    "hash": "b7b74eaa03d0197c2db800ce69cf9f1e",
    "packages": [
        {
            "package": "doctrine/common",
            "version": "2.3.x-dev",
            "source-reference": "2ec4bc6db13db6a0976a16b71058083c55cbcdbd",
            "commit-date": "1343847076"
        },
        {
            "package": "symfony/validator",
            "version": "dev-master",
            "source-reference": "69dc85f85945f5f21379600dba924b175d50e1a8",
            "commit-date": "1345654068"
        }
    ],
    "packages-dev": null,
    "aliases": [

    ],
    "minimum-stability": "dev",
    "stability-flags": [

    ]
}
